
Microsoft Visual Studio Solution File, Format Version 12.00
# Visual Studio Version 17
VisualStudioVersion = 17.13.35825.156
MinimumVisualStudioVersion = 10.0.40219.1
Project("{FAE04EC0-301F-11D3-BF4B-00C04F79EFBC}") = "RecipeManagement", "RecipeManagement\RecipeManagement.csproj", "{B1EB2966-C879-4420-9798-4B502BD1F889}"
EndProject
Project("{FAE04EC0-301F-11D3-BF4B-00C04F79EFBC}") = "RecipeManagement.Web", "RecipeManagement.Web\RecipeManagement.Web.csproj", "{349642DE-BA04-4F76-A4F3-21034136CC7A}"
EndProject
Project("{FAE04EC0-301F-11D3-BF4B-00C04F79EFBC}") = "RecipeManagement.Models", "RecipeManagement.Models\RecipeManagement.Models.csproj", "{06B67D40-7CE0-4318-85D7-DF5A8BC7F4F5}"
EndProject
Project("{FAE04EC0-301F-11D3-BF4B-00C04F79EFBC}") = "RecipeManagement.Tests", "RecipeManagement.Tests\RecipeManagement.Tests.csproj", "{3EEC316D-8D85-42F3-9B60-BE6C7F8D10A3}"
EndProject
Global
	GlobalSection(SolutionConfigurationPlatforms) = preSolution
		Debug|Any CPU = Debug|Any CPU
		Release|Any CPU = Release|Any CPU
	EndGlobalSection
	GlobalSection(ProjectConfigurationPlatforms) = postSolution
		{B1EB2966-C879-4420-9798-4B502BD1F889}.Debug|Any CPU.ActiveCfg = Debug|Any CPU
		{B1EB2966-C879-4420-9798-4B502BD1F889}.Debug|Any CPU.Build.0 = Debug|Any CPU
		{B1EB2966-C879-4420-9798-4B502BD1F889}.Release|Any CPU.ActiveCfg = Release|Any CPU
		{B1EB2966-C879-4420-9798-4B502BD1F889}.Release|Any CPU.Build.0 = Release|Any CPU
		{349642DE-BA04-4F76-A4F3-21034136CC7A}.Debug|Any CPU.ActiveCfg = Debug|Any CPU
		{349642DE-BA04-4F76-A4F3-21034136CC7A}.Debug|Any CPU.Build.0 = Debug|Any CPU
		{349642DE-BA04-4F76-A4F3-21034136CC7A}.Release|Any CPU.ActiveCfg = Release|Any CPU
		{349642DE-BA04-4F76-A4F3-21034136CC7A}.Release|Any CPU.Build.0 = Release|Any CPU
		{06B67D40-7CE0-4318-85D7-DF5A8BC7F4F5}.Debug|Any CPU.ActiveCfg = Debug|Any CPU
		{06B67D40-7CE0-4318-85D7-DF5A8BC7F4F5}.Debug|Any CPU.Build.0 = Debug|Any CPU
		{06B67D40-7CE0-4318-85D7-DF5A8BC7F4F5}.Release|Any CPU.ActiveCfg = Release|Any CPU
		{06B67D40-7CE0-4318-85D7-DF5A8BC7F4F5}.Release|Any CPU.Build.0 = Release|Any CPU
		{3EEC316D-8D85-42F3-9B60-BE6C7F8D10A3}.Debug|Any CPU.ActiveCfg = Debug|Any CPU
		{3EEC316D-8D85-42F3-9B60-BE6C7F8D10A3}.Debug|Any CPU.Build.0 = Debug|Any CPU
		{3EEC316D-8D85-42F3-9B60-BE6C7F8D10A3}.Release|Any CPU.ActiveCfg = Release|Any CPU
		{3EEC316D-8D85-42F3-9B60-BE6C7F8D10A3}.Release|Any CPU.Build.0 = Release|Any CPU
	EndGlobalSection
	GlobalSection(SolutionProperties) = preSolution
		HideSolutionNode = FALSE
	EndGlobalSection
	GlobalSection(ExtensibilityGlobals) = postSolution
		SolutionGuid = {C0C9C54F-5C1E-4721-9C34-E0391EB25F30}
	EndGlobalSection
EndGlobal
